
Microsoft Visual Studio Solution File, Format Version 12.00
# Visual Studio Version 17
VisualStudioVersion = 17.12.35506.116
MinimumVisualStudioVersion = 10.0.40219.1
Project("{FAE04EC0-301F-11D3-BF4B-00C04F79EFBC}") = "Penta_Server", "Penta_Server\Penta_Server.csproj", "{615C9FA1-6397-4335-A8FA-4871291CA80C}"
EndProject
Project("{FAE04EC0-301F-11D3-BF4B-00C04F79EFBC}") = "MessageLib", "MessageLib\MessageLib.csproj", "{9DAD25CF-7F31-4168-BAAE-5A0CE436CC57}"
EndProject
Project("{FAE04EC0-301F-11D3-BF4B-00C04F79EFBC}") = "Penta_ClientLib", "Penta_ClientLib\Penta_ClientLib.csproj", "{C87206E3-AA58-40FA-9EED-6A6EAA71A806}"
EndProject
Project("{FAE04EC0-301F-11D3-BF4B-00C04F79EFBC}") = "ConsoleClient_Tests", "ConsoleClient_Tests\ConsoleClient_Tests.csproj", "{400BB8DF-85BB-43B4-B128-03C20C3CFEBA}"
EndProject
Project("{FAE04EC0-301F-11D3-BF4B-00C04F79EFBC}") = "Client", "Client\Client.csproj", "{98B874E1-E271-4B0D-B9A6-8B8B97A10739}"
EndProject
Project("{2150E333-8FDC-42A3-9474-1A3956D46DE8}") = "TEST_Utils", "TEST_Utils", "{ECB87D7B-DB30-4599-8EFA-EEA2C308CF76}"
EndProject
Global
	GlobalSection(SolutionConfigurationPlatforms) = preSolution
		Debug|Any CPU = Debug|Any CPU
		Release|Any CPU = Release|Any CPU
	EndGlobalSection
	GlobalSection(ProjectConfigurationPlatforms) = postSolution
		{615C9FA1-6397-4335-A8FA-4871291CA80C}.Debug|Any CPU.ActiveCfg = Debug|Any CPU
		{615C9FA1-6397-4335-A8FA-4871291CA80C}.Debug|Any CPU.Build.0 = Debug|Any CPU
		{615C9FA1-6397-4335-A8FA-4871291CA80C}.Release|Any CPU.ActiveCfg = Release|Any CPU
		{615C9FA1-6397-4335-A8FA-4871291CA80C}.Release|Any CPU.Build.0 = Release|Any CPU
		{9DAD25CF-7F31-4168-BAAE-5A0CE436CC57}.Debug|Any CPU.ActiveCfg = Debug|Any CPU
		{9DAD25CF-7F31-4168-BAAE-5A0CE436CC57}.Debug|Any CPU.Build.0 = Debug|Any CPU
		{9DAD25CF-7F31-4168-BAAE-5A0CE436CC57}.Release|Any CPU.ActiveCfg = Release|Any CPU
		{9DAD25CF-7F31-4168-BAAE-5A0CE436CC57}.Release|Any CPU.Build.0 = Release|Any CPU
		{C87206E3-AA58-40FA-9EED-6A6EAA71A806}.Debug|Any CPU.ActiveCfg = Debug|Any CPU
		{C87206E3-AA58-40FA-9EED-6A6EAA71A806}.Debug|Any CPU.Build.0 = Debug|Any CPU
		{C87206E3-AA58-40FA-9EED-6A6EAA71A806}.Release|Any CPU.ActiveCfg = Release|Any CPU
		{C87206E3-AA58-40FA-9EED-6A6EAA71A806}.Release|Any CPU.Build.0 = Release|Any CPU
		{400BB8DF-85BB-43B4-B128-03C20C3CFEBA}.Debug|Any CPU.ActiveCfg = Debug|Any CPU
		{400BB8DF-85BB-43B4-B128-03C20C3CFEBA}.Debug|Any CPU.Build.0 = Debug|Any CPU
		{400BB8DF-85BB-43B4-B128-03C20C3CFEBA}.Release|Any CPU.ActiveCfg = Release|Any CPU
		{400BB8DF-85BB-43B4-B128-03C20C3CFEBA}.Release|Any CPU.Build.0 = Release|Any CPU
		{98B874E1-E271-4B0D-B9A6-8B8B97A10739}.Debug|Any CPU.ActiveCfg = Debug|Any CPU
		{98B874E1-E271-4B0D-B9A6-8B8B97A10739}.Debug|Any CPU.Build.0 = Debug|Any CPU
		{98B874E1-E271-4B0D-B9A6-8B8B97A10739}.Debug|Any CPU.Deploy.0 = Debug|Any CPU
		{98B874E1-E271-4B0D-B9A6-8B8B97A10739}.Release|Any CPU.ActiveCfg = Release|Any CPU
		{98B874E1-E271-4B0D-B9A6-8B8B97A10739}.Release|Any CPU.Build.0 = Release|Any CPU
		{98B874E1-E271-4B0D-B9A6-8B8B97A10739}.Release|Any CPU.Deploy.0 = Release|Any CPU
	EndGlobalSection
	GlobalSection(SolutionProperties) = preSolution
		HideSolutionNode = FALSE
	EndGlobalSection
	GlobalSection(NestedProjects) = preSolution
		{400BB8DF-85BB-43B4-B128-03C20C3CFEBA} = {ECB87D7B-DB30-4599-8EFA-EEA2C308CF76}
	EndGlobalSection
EndGlobal
